
Microsoft Visual Studio Solution File, Format Version 12.00
# Visual Studio Version 17
VisualStudioVersion = 17.9.34321.82
MinimumVisualStudioVersion = 10.0.40219.1
Project("{FAE04EC0-301F-11D3-BF4B-00C04F79EFBC}") = "Win11ThemeSampleApp", "Win11ThemeSampleApp.csproj", "{1239DDDF-651B-455B-B486-94DDBB6B7323}"
EndProject
Global
	GlobalSection(SolutionConfigurationPlatforms) = preSolution
		Debug|Any CPU = Debug|Any CPU
		Release|Any CPU = Release|Any CPU
	EndGlobalSection
	GlobalSection(ProjectConfigurationPlatforms) = postSolution
		{1239DDDF-651B-455B-B486-94DDBB6B7323}.Debug|Any CPU.ActiveCfg = Debug|Any CPU
		{1239DDDF-651B-455B-B486-94DDBB6B7323}.Debug|Any CPU.Build.0 = Debug|Any CPU
		{1239DDDF-651B-455B-B486-94DDBB6B7323}.Release|Any CPU.ActiveCfg = Release|Any CPU
		{1239DDDF-651B-455B-B486-94DDBB6B7323}.Release|Any CPU.Build.0 = Release|Any CPU
	EndGlobalSection
	GlobalSection(SolutionProperties) = preSolution
		HideSolutionNode = FALSE
	EndGlobalSection
	GlobalSection(ExtensibilityGlobals) = postSolution
		SolutionGuid = {96071C65-B745-44DE-BD95-1E18874A5173}
	EndGlobalSection
EndGlobal
